
Microsoft Visual Studio Solution File, Format Version 12.00
# Visual Studio 14
VisualStudioVersion = 14.0.23107.0
MinimumVisualStudioVersion = 10.0.40219.1
Project("{FAE04EC0-301F-11D3-BF4B-00C04F79EFBC}") = "CourseTask", "Try1\CourseTask.csproj", "{D1E061EB-A638-4A0C-BBCC-9BCA80A2A260}"
EndProject
Project("{FAE04EC0-301F-11D3-BF4B-00C04F79EFBC}") = "DataAccessLayer", "DataAccessLayer\DataAccessLayer.csproj", "{189E3263-12E3-4EFE-97E4-48F16DF01F58}"
EndProject
Project("{FAE04EC0-301F-11D3-BF4B-00C04F79EFBC}") = "DatabaseHandler", "DatabaseHandler\DatabaseHandler.csproj", "{94D5FA53-1944-4DAC-A0D2-8A233F456F0B}"
EndProject
Global
	GlobalSection(SolutionConfigurationPlatforms) = preSolution
		Debug|Any CPU = Debug|Any CPU
		Release|Any CPU = Release|Any CPU
	EndGlobalSection
	GlobalSection(ProjectConfigurationPlatforms) = postSolution
		{D1E061EB-A638-4A0C-BBCC-9BCA80A2A260}.Debug|Any CPU.ActiveCfg = Debug|Any CPU
		{D1E061EB-A638-4A0C-BBCC-9BCA80A2A260}.Debug|Any CPU.Build.0 = Debug|Any CPU
		{D1E061EB-A638-4A0C-BBCC-9BCA80A2A260}.Release|Any CPU.ActiveCfg = Release|Any CPU
		{D1E061EB-A638-4A0C-BBCC-9BCA80A2A260}.Release|Any CPU.Build.0 = Release|Any CPU
		{189E3263-12E3-4EFE-97E4-48F16DF01F58}.Debug|Any CPU.ActiveCfg = Debug|Any CPU
		{189E3263-12E3-4EFE-97E4-48F16DF01F58}.Debug|Any CPU.Build.0 = Debug|Any CPU
		{189E3263-12E3-4EFE-97E4-48F16DF01F58}.Release|Any CPU.ActiveCfg = Release|Any CPU
		{189E3263-12E3-4EFE-97E4-48F16DF01F58}.Release|Any CPU.Build.0 = Release|Any CPU
		{94D5FA53-1944-4DAC-A0D2-8A233F456F0B}.Debug|Any CPU.ActiveCfg = Debug|Any CPU
		{94D5FA53-1944-4DAC-A0D2-8A233F456F0B}.Debug|Any CPU.Build.0 = Debug|Any CPU
		{94D5FA53-1944-4DAC-A0D2-8A233F456F0B}.Release|Any CPU.ActiveCfg = Release|Any CPU
		{94D5FA53-1944-4DAC-A0D2-8A233F456F0B}.Release|Any CPU.Build.0 = Release|Any CPU
	EndGlobalSection
	GlobalSection(SolutionProperties) = preSolution
		HideSolutionNode = FALSE
	EndGlobalSection
EndGlobal
